// !$*UTF8*$!
{
	archiveVersion = 1;
	classes = {
	};
	objectVersion = 46;
	objects = {

/* Begin PBXBuildFile section */
		C88D2ED41816C09F00C23521 /* Foundation.framework in Frameworks */ = {isa = PBXBuildFile; fileRef = C88D2ED31816C09F00C23521 /* Foundation.framework */; };
		C88D2ED91816C09F00C23521 /* XMMMFuture.h in CopyFiles */ = {isa = PBXBuildFile; fileRef = C88D2ED81816C09F00C23521 /* XMMMFuture.h */; };
		C88D2EDB1816C09F00C23521 /* XMMMFuture.m in Sources */ = {isa = PBXBuildFile; fileRef = C88D2EDA1816C09F00C23521 /* XMMMFuture.m */; };
		C88D2EE21816C09F00C23521 /* XCTest.framework in Frameworks */ = {isa = PBXBuildFile; fileRef = C88D2EE11816C09F00C23521 /* XCTest.framework */; };
		C88D2EE31816C09F00C23521 /* Foundation.framework in Frameworks */ = {isa = PBXBuildFile; fileRef = C88D2ED31816C09F00C23521 /* Foundation.framework */; };
		C88D2EE51816C09F00C23521 /* UIKit.framework in Frameworks */ = {isa = PBXBuildFile; fileRef = C88D2EE41816C09F00C23521 /* UIKit.framework */; };
		C88D2EE81816C09F00C23521 /* libXMMMFuture.a in Frameworks */ = {isa = PBXBuildFile; fileRef = C88D2ED01816C09F00C23521 /* libXMMMFuture.a */; };
		C88D2EEE1816C09F00C23521 /* InfoPlist.strings in Resources */ = {isa = PBXBuildFile; fileRef = C88D2EEC1816C09F00C23521 /* InfoPlist.strings */; };
		C88D2EF01816C09F00C23521 /* XMMMFutureTests.m in Sources */ = {isa = PBXBuildFile; fileRef = C88D2EEF1816C09F00C23521 /* XMMMFutureTests.m */; };
		C88D2EFB1816C0B400C23521 /* XMMMPromise.m in Sources */ = {isa = PBXBuildFile; fileRef = C88D2EFA1816C0B400C23521 /* XMMMPromise.m */; };
		C88D2EFE1816C0C900C23521 /* XMMMConcreteFuture.m in Sources */ = {isa = PBXBuildFile; fileRef = C88D2EFD1816C0C900C23521 /* XMMMConcreteFuture.m */; };
		C88D2F011816D26000C23521 /* XMMMMappedFuture.m in Sources */ = {isa = PBXBuildFile; fileRef = C88D2F001816D26000C23521 /* XMMMMappedFuture.m */; };
		C8C88DAD181A022400E71BCE /* XMMMPromiseTests.m in Sources */ = {isa = PBXBuildFile; fileRef = C8C88DAC181A022400E71BCE /* XMMMPromiseTests.m */; };
		C8C88DAF181A023500E71BCE /* XMMMConcreteFutureTests.m in Sources */ = {isa = PBXBuildFile; fileRef = C8C88DAE181A023500E71BCE /* XMMMConcreteFutureTests.m */; };
		C8C88DB1181A024500E71BCE /* XMMMMappedFutureTests.m in Sources */ = {isa = PBXBuildFile; fileRef = C8C88DB0181A024500E71BCE /* XMMMMappedFutureTests.m */; };
		C8C88DB4181A029F00E71BCE /* XMMMAsyncTestCase.m in Sources */ = {isa = PBXBuildFile; fileRef = C8C88DB3181A029F00E71BCE /* XMMMAsyncTestCase.m */; };
/* End PBXBuildFile section */

/* Begin PBXContainerItemProxy section */
		C88D2EE61816C09F00C23521 /* PBXContainerItemProxy */ = {
			isa = PBXContainerItemProxy;
			containerPortal = C88D2EC81816C09F00C23521 /* Project object */;
			proxyType = 1;
			remoteGlobalIDString = C88D2ECF1816C09F00C23521;
			remoteInfo = XMMMFuture;
		};
/* End PBXContainerItemProxy section */

/* Begin PBXCopyFilesBuildPhase section */
		C88D2ECE1816C09F00C23521 /* CopyFiles */ = {
			isa = PBXCopyFilesBuildPhase;
			buildActionMask = 2147483647;
			dstPath = "include/$(PRODUCT_NAME)";
			dstSubfolderSpec = 16;
			files = (
				C88D2ED91816C09F00C23521 /* XMMMFuture.h in CopyFiles */,
			);
			runOnlyForDeploymentPostprocessing = 0;
		};
/* End PBXCopyFilesBuildPhase section */

/* Begin PBXFileReference section */
		C88D2ED01816C09F00C23521 /* libXMMMFuture.a */ = {isa = PBXFileReference; explicitFileType = archive.ar; includeInIndex = 0; path = libXMMMFuture.a; sourceTree = BUILT_PRODUCTS_DIR; };
		C88D2ED31816C09F00C23521 /* Foundation.framework */ = {isa = PBXFileReference; lastKnownFileType = wrapper.framework; name = Foundation.framework; path = System/Library/Frameworks/Foundation.framework; sourceTree = SDKROOT; };
		C88D2ED71816C09F00C23521 /* XMMMFuture-Prefix.pch */ = {isa = PBXFileReference; lastKnownFileType = sourcecode.c.h; path = "XMMMFuture-Prefix.pch"; sourceTree = "<group>"; };
		C88D2ED81816C09F00C23521 /* XMMMFuture.h */ = {isa = PBXFileReference; lastKnownFileType = sourcecode.c.h; path = XMMMFuture.h; sourceTree = "<group>"; };
		C88D2EDA1816C09F00C23521 /* XMMMFuture.m */ = {isa = PBXFileReference; lastKnownFileType = sourcecode.c.objc; path = XMMMFuture.m; sourceTree = "<group>"; };
		C88D2EE01816C09F00C23521 /* XMMMFutureTests.xctest */ = {isa = PBXFileReference; explicitFileType = wrapper.cfbundle; includeInIndex = 0; path = XMMMFutureTests.xctest; sourceTree = BUILT_PRODUCTS_DIR; };
		C88D2EE11816C09F00C23521 /* XCTest.framework */ = {isa = PBXFileReference; lastKnownFileType = wrapper.framework; name = XCTest.framework; path = Library/Frameworks/XCTest.framework; sourceTree = DEVELOPER_DIR; };
		C88D2EE41816C09F00C23521 /* UIKit.framework */ = {isa = PBXFileReference; lastKnownFileType = wrapper.framework; name = UIKit.framework; path = Library/Frameworks/UIKit.framework; sourceTree = DEVELOPER_DIR; };
		C88D2EEB1816C09F00C23521 /* XMMMFutureTests-Info.plist */ = {isa = PBXFileReference; lastKnownFileType = text.plist.xml; path = "XMMMFutureTests-Info.plist"; sourceTree = "<group>"; };
		C88D2EED1816C09F00C23521 /* en */ = {isa = PBXFileReference; lastKnownFileType = text.plist.strings; name = en; path = en.lproj/InfoPlist.strings; sourceTree = "<group>"; };
		C88D2EEF1816C09F00C23521 /* XMMMFutureTests.m */ = {isa = PBXFileReference; lastKnownFileType = sourcecode.c.objc; path = XMMMFutureTests.m; sourceTree = "<group>"; };
		C88D2EF91816C0B400C23521 /* XMMMPromise.h */ = {isa = PBXFileReference; fileEncoding = 4; lastKnownFileType = sourcecode.c.h; path = XMMMPromise.h; sourceTree = "<group>"; };
		C88D2EFA1816C0B400C23521 /* XMMMPromise.m */ = {isa = PBXFileReference; fileEncoding = 4; lastKnownFileType = sourcecode.c.objc; path = XMMMPromise.m; sourceTree = "<group>"; };
		C88D2EFC1816C0C900C23521 /* XMMMConcreteFuture.h */ = {isa = PBXFileReference; fileEncoding = 4; lastKnownFileType = sourcecode.c.h; path = XMMMConcreteFuture.h; sourceTree = "<group>"; };
		C88D2EFD1816C0C900C23521 /* XMMMConcreteFuture.m */ = {isa = PBXFileReference; fileEncoding = 4; lastKnownFileType = sourcecode.c.objc; path = XMMMConcreteFuture.m; sourceTree = "<group>"; };
		C88D2EFF1816D26000C23521 /* XMMMMappedFuture.h */ = {isa = PBXFileReference; fileEncoding = 4; lastKnownFileType = sourcecode.c.h; path = XMMMMappedFuture.h; sourceTree = "<group>"; };
		C88D2F001816D26000C23521 /* XMMMMappedFuture.m */ = {isa = PBXFileReference; fileEncoding = 4; lastKnownFileType = sourcecode.c.objc; path = XMMMMappedFuture.m; sourceTree = "<group>"; };
		C8C88DAC181A022400E71BCE /* XMMMPromiseTests.m */ = {isa = PBXFileReference; fileEncoding = 4; lastKnownFileType = sourcecode.c.objc; path = XMMMPromiseTests.m; sourceTree = "<group>"; };
		C8C88DAE181A023500E71BCE /* XMMMConcreteFutureTests.m */ = {isa = PBXFileReference; fileEncoding = 4; lastKnownFileType = sourcecode.c.objc; path = XMMMConcreteFutureTests.m; sourceTree = "<group>"; };
		C8C88DB0181A024500E71BCE /* XMMMMappedFutureTests.m */ = {isa = PBXFileReference; fileEncoding = 4; lastKnownFileType = sourcecode.c.objc; path = XMMMMappedFutureTests.m; sourceTree = "<group>"; };
		C8C88DB2181A029F00E71BCE /* XMMMAsyncTestCase.h */ = {isa = PBXFileReference; fileEncoding = 4; lastKnownFileType = sourcecode.c.h; path = XMMMAsyncTestCase.h; sourceTree = "<group>"; };
		C8C88DB3181A029F00E71BCE /* XMMMAsyncTestCase.m */ = {isa = PBXFileReference; fileEncoding = 4; lastKnownFileType = sourcecode.c.objc; path = XMMMAsyncTestCase.m; sourceTree = "<group>"; };
/* End PBXFileReference section */

/* Begin PBXFrameworksBuildPhase section */
		C88D2ECD1816C09F00C23521 /* Frameworks */ = {
			isa = PBXFrameworksBuildPhase;
			buildActionMask = 2147483647;
			files = (
				C88D2ED41816C09F00C23521 /* Foundation.framework in Frameworks */,
			);
			runOnlyForDeploymentPostprocessing = 0;
		};
		C88D2EDD1816C09F00C23521 /* Frameworks */ = {
			isa = PBXFrameworksBuildPhase;
			buildActionMask = 2147483647;
			files = (
				C88D2EE21816C09F00C23521 /* XCTest.framework in Frameworks */,
				C88D2EE51816C09F00C23521 /* UIKit.framework in Frameworks */,
				C88D2EE31816C09F00C23521 /* Foundation.framework in Frameworks */,
				C88D2EE81816C09F00C23521 /* libXMMMFuture.a in Frameworks */,
			);
			runOnlyForDeploymentPostprocessing = 0;
		};
/* End PBXFrameworksBuildPhase section */

/* Begin PBXGroup section */
		C88D2EC71816C09F00C23521 = {
			isa = PBXGroup;
			children = (
				C88D2ED51816C09F00C23521 /* XMMMFuture */,
				C88D2EE91816C09F00C23521 /* XMMMFutureTests */,
				C88D2ED21816C09F00C23521 /* Frameworks */,
				C88D2ED11816C09F00C23521 /* Products */,
			);
			sourceTree = "<group>";
		};
		C88D2ED11816C09F00C23521 /* Products */ = {
			isa = PBXGroup;
			children = (
				C88D2ED01816C09F00C23521 /* libXMMMFuture.a */,
				C88D2EE01816C09F00C23521 /* XMMMFutureTests.xctest */,
			);
			name = Products;
			sourceTree = "<group>";
		};
		C88D2ED21816C09F00C23521 /* Frameworks */ = {
			isa = PBXGroup;
			children = (
				C88D2ED31816C09F00C23521 /* Foundation.framework */,
				C88D2EE11816C09F00C23521 /* XCTest.framework */,
				C88D2EE41816C09F00C23521 /* UIKit.framework */,
			);
			name = Frameworks;
			sourceTree = "<group>";
		};
		C88D2ED51816C09F00C23521 /* XMMMFuture */ = {
			isa = PBXGroup;
			children = (
				C88D2ED81816C09F00C23521 /* XMMMFuture.h */,
				C88D2EDA1816C09F00C23521 /* XMMMFuture.m */,
				C88D2EF91816C0B400C23521 /* XMMMPromise.h */,
				C88D2EFA1816C0B400C23521 /* XMMMPromise.m */,
				C88D2EFC1816C0C900C23521 /* XMMMConcreteFuture.h */,
				C88D2EFD1816C0C900C23521 /* XMMMConcreteFuture.m */,
				C88D2EFF1816D26000C23521 /* XMMMMappedFuture.h */,
				C88D2F001816D26000C23521 /* XMMMMappedFuture.m */,
				C88D2ED61816C09F00C23521 /* Supporting Files */,
			);
			path = XMMMFuture;
			sourceTree = "<group>";
		};
		C88D2ED61816C09F00C23521 /* Supporting Files */ = {
			isa = PBXGroup;
			children = (
				C88D2ED71816C09F00C23521 /* XMMMFuture-Prefix.pch */,
			);
			name = "Supporting Files";
			sourceTree = "<group>";
		};
		C88D2EE91816C09F00C23521 /* XMMMFutureTests */ = {
			isa = PBXGroup;
			children = (
				C88D2EEF1816C09F00C23521 /* XMMMFutureTests.m */,
				C8C88DAC181A022400E71BCE /* XMMMPromiseTests.m */,
				C8C88DAE181A023500E71BCE /* XMMMConcreteFutureTests.m */,
				C8C88DB0181A024500E71BCE /* XMMMMappedFutureTests.m */,
				C8C88DB2181A029F00E71BCE /* XMMMAsyncTestCase.h */,
				C8C88DB3181A029F00E71BCE /* XMMMAsyncTestCase.m */,
				C88D2EEA1816C09F00C23521 /* Supporting Files */,
			);
			path = XMMMFutureTests;
			sourceTree = "<group>";
		};
		C88D2EEA1816C09F00C23521 /* Supporting Files */ = {
			isa = PBXGroup;
			children = (
				C88D2EEB1816C09F00C23521 /* XMMMFutureTests-Info.plist */,
				C88D2EEC1816C09F00C23521 /* InfoPlist.strings */,
			);
			name = "Supporting Files";
			sourceTree = "<group>";
		};
/* End PBXGroup section */

/* Begin PBXNativeTarget section */
		C88D2ECF1816C09F00C23521 /* XMMMFuture */ = {
			isa = PBXNativeTarget;
			buildConfigurationList = C88D2EF31816C09F00C23521 /* Build configuration list for PBXNativeTarget "XMMMFuture" */;
			buildPhases = (
				C88D2ECC1816C09F00C23521 /* Sources */,
				C88D2ECD1816C09F00C23521 /* Frameworks */,
				C88D2ECE1816C09F00C23521 /* CopyFiles */,
			);
			buildRules = (
			);
			dependencies = (
			);
			name = XMMMFuture;
			productName = XMMMFuture;
			productReference = C88D2ED01816C09F00C23521 /* libXMMMFuture.a */;
			productType = "com.apple.product-type.library.static";
		};
		C88D2EDF1816C09F00C23521 /* XMMMFutureTests */ = {
			isa = PBXNativeTarget;
			buildConfigurationList = C88D2EF61816C09F00C23521 /* Build configuration list for PBXNativeTarget "XMMMFutureTests" */;
			buildPhases = (
				C88D2EDC1816C09F00C23521 /* Sources */,
				C88D2EDD1816C09F00C23521 /* Frameworks */,
				C88D2EDE1816C09F00C23521 /* Resources */,
			);
			buildRules = (
			);
			dependencies = (
				C88D2EE71816C09F00C23521 /* PBXTargetDependency */,
			);
			name = XMMMFutureTests;
			productName = XMMMFutureTests;
			productReference = C88D2EE01816C09F00C23521 /* XMMMFutureTests.xctest */;
			productType = "com.apple.product-type.bundle.unit-test";
		};
/* End PBXNativeTarget section */

/* Begin PBXProject section */
		C88D2EC81816C09F00C23521 /* Project object */ = {
			isa = PBXProject;
			attributes = {
				LastUpgradeCheck = 0500;
				ORGANIZATIONNAME = "KAKEGAWA Atsushi";
			};
			buildConfigurationList = C88D2ECB1816C09F00C23521 /* Build configuration list for PBXProject "XMMMFuture" */;
			compatibilityVersion = "Xcode 3.2";
			developmentRegion = English;
			hasScannedForEncodings = 0;
			knownRegions = (
				en,
			);
			mainGroup = C88D2EC71816C09F00C23521;
			productRefGroup = C88D2ED11816C09F00C23521 /* Products */;
			projectDirPath = "";
			projectRoot = "";
			targets = (
				C88D2ECF1816C09F00C23521 /* XMMMFuture */,
				C88D2EDF1816C09F00C23521 /* XMMMFutureTests */,
			);
		};
/* End PBXProject section */

/* Begin PBXResourcesBuildPhase section */
		C88D2EDE1816C09F00C23521 /* Resources */ = {
			isa = PBXResourcesBuildPhase;
			buildActionMask = 2147483647;
			files = (
				C88D2EEE1816C09F00C23521 /* InfoPlist.strings in Resources */,
			);
			runOnlyForDeploymentPostprocessing = 0;
		};
/* End PBXResourcesBuildPhase section */

/* Begin PBXSourcesBuildPhase section */
		C88D2ECC1816C09F00C23521 /* Sources */ = {
			isa = PBXSourcesBuildPhase;
			buildActionMask = 2147483647;
			files = (
				C88D2EFB1816C0B400C23521 /* XMMMPromise.m in Sources */,
				C88D2EFE1816C0C900C23521 /* XMMMConcreteFuture.m in Sources */,
				C88D2F011816D26000C23521 /* XMMMMappedFuture.m in Sources */,
				C88D2EDB1816C09F00C23521 /* XMMMFuture.m in Sources */,
			);
			runOnlyForDeploymentPostprocessing = 0;
		};
		C88D2EDC1816C09F00C23521 /* Sources */ = {
			isa = PBXSourcesBuildPhase;
			buildActionMask = 2147483647;
			files = (
				C8C88DAD181A022400E71BCE /* XMMMPromiseTests.m in Sources */,
				C8C88DAF181A023500E71BCE /* XMMMConcreteFutureTests.m in Sources */,
				C8C88DB1181A024500E71BCE /* XMMMMappedFutureTests.m in Sources */,
				C88D2EF01816C09F00C23521 /* XMMMFutureTests.m in Sources */,
				C8C88DB4181A029F00E71BCE /* XMMMAsyncTestCase.m in Sources */,
			);
			runOnlyForDeploymentPostprocessing = 0;
		};
/* End PBXSourcesBuildPhase section */

/* Begin PBXTargetDependency section */
		C88D2EE71816C09F00C23521 /* PBXTargetDependency */ = {
			isa = PBXTargetDependency;
			target = C88D2ECF1816C09F00C23521 /* XMMMFuture */;
			targetProxy = C88D2EE61816C09F00C23521 /* PBXContainerItemProxy */;
		};
/* End PBXTargetDependency section */

/* Begin PBXVariantGroup section */
		C88D2EEC1816C09F00C23521 /* InfoPlist.strings */ = {
			isa = PBXVariantGroup;
			children = (
				C88D2EED1816C09F00C23521 /* en */,
			);
			name = InfoPlist.strings;
			sourceTree = "<group>";
		};
/* End PBXVariantGroup section */

/* Begin XCBuildConfiguration section */
		C88D2EF11816C09F00C23521 /* Debug */ = {
			isa = XCBuildConfiguration;
			buildSettings = {
				ALWAYS_SEARCH_USER_PATHS = NO;
				ARCHS = "$(ARCHS_STANDARD_INCLUDING_64_BIT)";
				CLANG_CXX_LANGUAGE_STANDARD = "gnu++0x";
				CLANG_CXX_LIBRARY = "libc++";
				CLANG_ENABLE_MODULES = YES;
				CLANG_ENABLE_OBJC_ARC = YES;
				CLANG_WARN_BOOL_CONVERSION = YES;
				CLANG_WARN_CONSTANT_CONVERSION = YES;
				CLANG_WARN_DIRECT_OBJC_ISA_USAGE = YES_ERROR;
				CLANG_WARN_EMPTY_BODY = YES;
				CLANG_WARN_ENUM_CONVERSION = YES;
				CLANG_WARN_INT_CONVERSION = YES;
				CLANG_WARN_OBJC_ROOT_CLASS = YES_ERROR;
				CLANG_WARN__DUPLICATE_METHOD_MATCH = YES;
				COPY_PHASE_STRIP = NO;
				GCC_C_LANGUAGE_STANDARD = gnu99;
				GCC_DYNAMIC_NO_PIC = NO;
				GCC_OPTIMIZATION_LEVEL = 0;
				GCC_PREPROCESSOR_DEFINITIONS = (
					"DEBUG=1",
					"$(inherited)",
				);
				GCC_SYMBOLS_PRIVATE_EXTERN = NO;
				GCC_WARN_64_TO_32_BIT_CONVERSION = YES;
				GCC_WARN_ABOUT_RETURN_TYPE = YES_ERROR;
				GCC_WARN_UNDECLARED_SELECTOR = YES;
				GCC_WARN_UNINITIALIZED_AUTOS = YES;
				GCC_WARN_UNUSED_FUNCTION = YES;
				GCC_WARN_UNUSED_VARIABLE = YES;
				IPHONEOS_DEPLOYMENT_TARGET = 7.0;
				ONLY_ACTIVE_ARCH = YES;
				SDKROOT = iphoneos;
			};
			name = Debug;
		};
		C88D2EF21816C09F00C23521 /* Release */ = {
			isa = XCBuildConfiguration;
			buildSettings = {
				ALWAYS_SEARCH_USER_PATHS = NO;
				ARCHS = "$(ARCHS_STANDARD_INCLUDING_64_BIT)";
				CLANG_CXX_LANGUAGE_STANDARD = "gnu++0x";
				CLANG_CXX_LIBRARY = "libc++";
				CLANG_ENABLE_MODULES = YES;
				CLANG_ENABLE_OBJC_ARC = YES;
				CLANG_WARN_BOOL_CONVERSION = YES;
				CLANG_WARN_CONSTANT_CONVERSION = YES;
				CLANG_WARN_DIRECT_OBJC_ISA_USAGE = YES_ERROR;
				CLANG_WARN_EMPTY_BODY = YES;
				CLANG_WARN_ENUM_CONVERSION = YES;
				CLANG_WARN_INT_CONVERSION = YES;
				CLANG_WARN_OBJC_ROOT_CLASS = YES_ERROR;
				CLANG_WARN__DUPLICATE_METHOD_MATCH = YES;
				COPY_PHASE_STRIP = YES;
				ENABLE_NS_ASSERTIONS = NO;
				GCC_C_LANGUAGE_STANDARD = gnu99;
				GCC_WARN_64_TO_32_BIT_CONVERSION = YES;
				GCC_WARN_ABOUT_RETURN_TYPE = YES_ERROR;
				GCC_WARN_UNDECLARED_SELECTOR = YES;
				GCC_WARN_UNINITIALIZED_AUTOS = YES;
				GCC_WARN_UNUSED_FUNCTION = YES;
				GCC_WARN_UNUSED_VARIABLE = YES;
				IPHONEOS_DEPLOYMENT_TARGET = 7.0;
				SDKROOT = iphoneos;
				VALIDATE_PRODUCT = YES;
			};
			name = Release;
		};
		C88D2EF41816C09F00C23521 /* Debug */ = {
			isa = XCBuildConfiguration;
			buildSettings = {
				DSTROOT = /tmp/XMMMFuture.dst;
				GCC_PRECOMPILE_PREFIX_HEADER = YES;
				GCC_PREFIX_HEADER = "XMMMFuture/XMMMFuture-Prefix.pch";
				OTHER_LDFLAGS = "-ObjC";
				PRODUCT_NAME = "$(TARGET_NAME)";
				SKIP_INSTALL = YES;
			};
			name = Debug;
		};
		C88D2EF51816C09F00C23521 /* Release */ = {
			isa = XCBuildConfiguration;
			buildSettings = {
				DSTROOT = /tmp/XMMMFuture.dst;
				GCC_PRECOMPILE_PREFIX_HEADER = YES;
				GCC_PREFIX_HEADER = "XMMMFuture/XMMMFuture-Prefix.pch";
				OTHER_LDFLAGS = "-ObjC";
				PRODUCT_NAME = "$(TARGET_NAME)";
				SKIP_INSTALL = YES;
			};
			name = Release;
		};
		C88D2EF71816C09F00C23521 /* Debug */ = {
			isa = XCBuildConfiguration;
			buildSettings = {
				ARCHS = "$(ARCHS_STANDARD_INCLUDING_64_BIT)";
				FRAMEWORK_SEARCH_PATHS = (
					"$(SDKROOT)/Developer/Library/Frameworks",
					"$(inherited)",
					"$(DEVELOPER_FRAMEWORKS_DIR)",
				);
				GCC_PRECOMPILE_PREFIX_HEADER = YES;
				GCC_PREFIX_HEADER = "XMMMFuture/XMMMFuture-Prefix.pch";
				GCC_PREPROCESSOR_DEFINITIONS = (
					"DEBUG=1",
					"$(inherited)",
				);
				INFOPLIST_FILE = "XMMMFutureTests/XMMMFutureTests-Info.plist";
				PRODUCT_NAME = "$(TARGET_NAME)";
				WRAPPER_EXTENSION = xctest;
			};
			name = Debug;
		};
		C88D2EF81816C09F00C23521 /* Release */ = {
			isa = XCBuildConfiguration;
			buildSettings = {
				ARCHS = "$(ARCHS_STANDARD_INCLUDING_64_BIT)";
				FRAMEWORK_SEARCH_PATHS = (
					"$(SDKROOT)/Developer/Library/Frameworks",
					"$(inherited)",
					"$(DEVELOPER_FRAMEWORKS_DIR)",
				);
				GCC_PRECOMPILE_PREFIX_HEADER = YES;
				GCC_PREFIX_HEADER = "XMMMFuture/XMMMFuture-Prefix.pch";
				INFOPLIST_FILE = "XMMMFutureTests/XMMMFutureTests-Info.plist";
				PRODUCT_NAME = "$(TARGET_NAME)";
				WRAPPER_EXTENSION = xctest;
			};
			name = Release;
		};
/* End XCBuildConfiguration section */

/* Begin XCConfigurationList section */
		C88D2ECB1816C09F00C23521 /* Build configuration list for PBXProject "XMMMFuture" */ = {
			isa = XCConfigurationList;
			buildConfigurations = (
				C88D2EF11816C09F00C23521 /* Debug */,
				C88D2EF21816C09F00C23521 /* Release */,
			);
			defaultConfigurationIsVisible = 0;
			defaultConfigurationName = Release;
		};
		C88D2EF31816C09F00C23521 /* Build configuration list for PBXNativeTarget "XMMMFuture" */ = {
			isa = XCConfigurationList;
			buildConfigurations = (
				C88D2EF41816C09F00C23521 /* Debug */,
				C88D2EF51816C09F00C23521 /* Release */,
			);
			defaultConfigurationIsVisible = 0;
			defaultConfigurationName = Release;
		};
		C88D2EF61816C09F00C23521 /* Build configuration list for PBXNativeTarget "XMMMFutureTests" */ = {
			isa = XCConfigurationList;
			buildConfigurations = (
				C88D2EF71816C09F00C23521 /* Debug */,
				C88D2EF81816C09F00C23521 /* Release */,
			);
			defaultConfigurationIsVisible = 0;
			defaultConfigurationName = Release;
		};
/* End XCConfigurationList section */
	};
	rootObject = C88D2EC81816C09F00C23521 /* Project object */;
}
